
Microsoft Visual Studio Solution File, Format Version 12.00
# Visual Studio Version 16
VisualStudioVersion = 16.0.33529.622
MinimumVisualStudioVersion = 10.0.40219.1
Project("{FAE04EC0-301F-11D3-BF4B-00C04F79EFBC}") = "csStep185", "csStep185\csStep185.csproj", "{CA165B82-F49A-46FC-94A8-3E7445300C6B}"
EndProject
Project("{FAE04EC0-301F-11D3-BF4B-00C04F79EFBC}") = "myConsoleProject", "..\myConsoleProject\myConsoleProject\myConsoleProject.csproj", "{27BC94F8-5B40-447E-9979-64D919EFF156}"
EndProject
Global
	GlobalSection(SolutionConfigurationPlatforms) = preSolution
		Debug|Any CPU = Debug|Any CPU
		Release|Any CPU = Release|Any CPU
	EndGlobalSection
	GlobalSection(ProjectConfigurationPlatforms) = postSolution
		{CA165B82-F49A-46FC-94A8-3E7445300C6B}.Debug|Any CPU.ActiveCfg = Debug|Any CPU
		{CA165B82-F49A-46FC-94A8-3E7445300C6B}.Debug|Any CPU.Build.0 = Debug|Any CPU
		{CA165B82-F49A-46FC-94A8-3E7445300C6B}.Release|Any CPU.ActiveCfg = Release|Any CPU
		{CA165B82-F49A-46FC-94A8-3E7445300C6B}.Release|Any CPU.Build.0 = Release|Any CPU
		{27BC94F8-5B40-447E-9979-64D919EFF156}.Debug|Any CPU.ActiveCfg = Debug|Any CPU
		{27BC94F8-5B40-447E-9979-64D919EFF156}.Debug|Any CPU.Build.0 = Debug|Any CPU
		{27BC94F8-5B40-447E-9979-64D919EFF156}.Release|Any CPU.ActiveCfg = Release|Any CPU
		{27BC94F8-5B40-447E-9979-64D919EFF156}.Release|Any CPU.Build.0 = Release|Any CPU
	EndGlobalSection
	GlobalSection(SolutionProperties) = preSolution
		HideSolutionNode = FALSE
	EndGlobalSection
	GlobalSection(ExtensibilityGlobals) = postSolution
		SolutionGuid = {449CA36B-AD82-411D-B783-F28A21543C49}
	EndGlobalSection
EndGlobal
