
Microsoft Visual Studio Solution File, Format Version 12.00
# Visual Studio Version 16
VisualStudioVersion = 16.0.33529.622
MinimumVisualStudioVersion = 10.0.40219.1
Project("{FAE04EC0-301F-11D3-BF4B-00C04F79EFBC}") = "csStep233", "csStep233\csStep233.csproj", "{A31B17D1-C870-4DAF-8D17-5A03329C0019}"
EndProject
Global
	GlobalSection(SolutionConfigurationPlatforms) = preSolution
		Debug|Any CPU = Debug|Any CPU
		Release|Any CPU = Release|Any CPU
	EndGlobalSection
	GlobalSection(ProjectConfigurationPlatforms) = postSolution
		{A31B17D1-C870-4DAF-8D17-5A03329C0019}.Debug|Any CPU.ActiveCfg = Debug|Any CPU
		{A31B17D1-C870-4DAF-8D17-5A03329C0019}.Debug|Any CPU.Build.0 = Debug|Any CPU
		{A31B17D1-C870-4DAF-8D17-5A03329C0019}.Release|Any CPU.ActiveCfg = Release|Any CPU
		{A31B17D1-C870-4DAF-8D17-5A03329C0019}.Release|Any CPU.Build.0 = Release|Any CPU
	EndGlobalSection
	GlobalSection(SolutionProperties) = preSolution
		HideSolutionNode = FALSE
	EndGlobalSection
	GlobalSection(ExtensibilityGlobals) = postSolution
		SolutionGuid = {213C4D75-30CD-4139-9937-7C84815050C4}
	EndGlobalSection
EndGlobal
