
Microsoft Visual Studio Solution File, Format Version 12.00
# Visual Studio Version 16
VisualStudioVersion = 16.0.33529.622
MinimumVisualStudioVersion = 10.0.40219.1
Project("{FAE04EC0-301F-11D3-BF4B-00C04F79EFBC}") = "csStep199", "csStep199\csStep199.csproj", "{7E7A23B1-F42C-4E00-9E3F-1795F0B4EC95}"
EndProject
Global
	GlobalSection(SolutionConfigurationPlatforms) = preSolution
		Debug|Any CPU = Debug|Any CPU
		Release|Any CPU = Release|Any CPU
	EndGlobalSection
	GlobalSection(ProjectConfigurationPlatforms) = postSolution
		{7E7A23B1-F42C-4E00-9E3F-1795F0B4EC95}.Debug|Any CPU.ActiveCfg = Debug|Any CPU
		{7E7A23B1-F42C-4E00-9E3F-1795F0B4EC95}.Debug|Any CPU.Build.0 = Debug|Any CPU
		{7E7A23B1-F42C-4E00-9E3F-1795F0B4EC95}.Release|Any CPU.ActiveCfg = Release|Any CPU
		{7E7A23B1-F42C-4E00-9E3F-1795F0B4EC95}.Release|Any CPU.Build.0 = Release|Any CPU
	EndGlobalSection
	GlobalSection(SolutionProperties) = preSolution
		HideSolutionNode = FALSE
	EndGlobalSection
	GlobalSection(ExtensibilityGlobals) = postSolution
		SolutionGuid = {46C22F7D-F503-46C5-B9EF-DB539A2CA831}
	EndGlobalSection
EndGlobal
