
Microsoft Visual Studio Solution File, Format Version 12.00
# Visual Studio Version 16
VisualStudioVersion = 16.0.33529.622
MinimumVisualStudioVersion = 10.0.40219.1
Project("{FAE04EC0-301F-11D3-BF4B-00C04F79EFBC}") = "CarInsurance", "CarInsurance\CarInsurance.csproj", "{B75BC803-E9BF-4594-9F70-6CF1C5998EB3}"
EndProject
Global
	GlobalSection(SolutionConfigurationPlatforms) = preSolution
		Debug|Any CPU = Debug|Any CPU
		Release|Any CPU = Release|Any CPU
	EndGlobalSection
	GlobalSection(ProjectConfigurationPlatforms) = postSolution
		{B75BC803-E9BF-4594-9F70-6CF1C5998EB3}.Debug|Any CPU.ActiveCfg = Debug|Any CPU
		{B75BC803-E9BF-4594-9F70-6CF1C5998EB3}.Debug|Any CPU.Build.0 = Debug|Any CPU
		{B75BC803-E9BF-4594-9F70-6CF1C5998EB3}.Release|Any CPU.ActiveCfg = Release|Any CPU
		{B75BC803-E9BF-4594-9F70-6CF1C5998EB3}.Release|Any CPU.Build.0 = Release|Any CPU
	EndGlobalSection
	GlobalSection(SolutionProperties) = preSolution
		HideSolutionNode = FALSE
	EndGlobalSection
	GlobalSection(ExtensibilityGlobals) = postSolution
		SolutionGuid = {A872FDB4-C56F-4C2B-B611-7F63892DCDF9}
	EndGlobalSection
EndGlobal
