
Microsoft Visual Studio Solution File, Format Version 12.00
# Visual Studio Version 16
VisualStudioVersion = 16.0.33529.622
MinimumVisualStudioVersion = 10.0.40219.1
Project("{FAE04EC0-301F-11D3-BF4B-00C04F79EFBC}") = "csStep222", "csStep222\csStep222.csproj", "{74E7F4F3-A8D5-437C-B5C8-1998A7ED4243}"
EndProject
Global
	GlobalSection(SolutionConfigurationPlatforms) = preSolution
		Debug|Any CPU = Debug|Any CPU
		Release|Any CPU = Release|Any CPU
	EndGlobalSection
	GlobalSection(ProjectConfigurationPlatforms) = postSolution
		{74E7F4F3-A8D5-437C-B5C8-1998A7ED4243}.Debug|Any CPU.ActiveCfg = Debug|Any CPU
		{74E7F4F3-A8D5-437C-B5C8-1998A7ED4243}.Debug|Any CPU.Build.0 = Debug|Any CPU
		{74E7F4F3-A8D5-437C-B5C8-1998A7ED4243}.Release|Any CPU.ActiveCfg = Release|Any CPU
		{74E7F4F3-A8D5-437C-B5C8-1998A7ED4243}.Release|Any CPU.Build.0 = Release|Any CPU
	EndGlobalSection
	GlobalSection(SolutionProperties) = preSolution
		HideSolutionNode = FALSE
	EndGlobalSection
	GlobalSection(ExtensibilityGlobals) = postSolution
		SolutionGuid = {0AD22B5E-F842-40E3-941C-50B8F134B00D}
	EndGlobalSection
EndGlobal
