
Microsoft Visual Studio Solution File, Format Version 12.00
# Visual Studio Version 16
VisualStudioVersion = 16.0.33529.622
MinimumVisualStudioVersion = 10.0.40219.1
Project("{FAE04EC0-301F-11D3-BF4B-00C04F79EFBC}") = "csStep325", "csStep325\csStep325.csproj", "{C089DD4A-4DDC-4750-A9F4-5DA01E07C2AD}"
EndProject
Global
	GlobalSection(SolutionConfigurationPlatforms) = preSolution
		Debug|Any CPU = Debug|Any CPU
		Release|Any CPU = Release|Any CPU
	EndGlobalSection
	GlobalSection(ProjectConfigurationPlatforms) = postSolution
		{C089DD4A-4DDC-4750-A9F4-5DA01E07C2AD}.Debug|Any CPU.ActiveCfg = Debug|Any CPU
		{C089DD4A-4DDC-4750-A9F4-5DA01E07C2AD}.Debug|Any CPU.Build.0 = Debug|Any CPU
		{C089DD4A-4DDC-4750-A9F4-5DA01E07C2AD}.Release|Any CPU.ActiveCfg = Release|Any CPU
		{C089DD4A-4DDC-4750-A9F4-5DA01E07C2AD}.Release|Any CPU.Build.0 = Release|Any CPU
	EndGlobalSection
	GlobalSection(SolutionProperties) = preSolution
		HideSolutionNode = FALSE
	EndGlobalSection
	GlobalSection(ExtensibilityGlobals) = postSolution
		SolutionGuid = {8DDAD58A-CF2B-4D0F-8FAE-6AF1403E4392}
	EndGlobalSection
EndGlobal
